
Microsoft Visual Studio Solution File, Format Version 12.00
# Visual Studio Version 17
VisualStudioVersion = 17.14.36310.24
MinimumVisualStudioVersion = 10.0.40219.1
Project("{FAE04EC0-301F-11D3-BF4B-00C04F79EFBC}") = "TeeShopApp.Infrastructure", "TeeShopApp.Infrastructore\TeeShopApp.Infrastructure.csproj", "{0B795DCB-965A-4961-BC81-E56B56D13CB2}"
EndProject
Project("{FAE04EC0-301F-11D3-BF4B-00C04F79EFBC}") = "TeeShopApp", "TeeShopApp\TeeShopApp.csproj", "{87E63AD8-7621-4CEB-A109-2544E2C45CB5}"
EndProject
Project("{FAE04EC0-301F-11D3-BF4B-00C04F79EFBC}") = "TeeShopApp.Core", "TeeShopApp.Core\TeeShopApp.Core.csproj", "{110B44EE-2657-4440-93AD-BC5F7C731FA7}"
EndProject
Global
	GlobalSection(SolutionConfigurationPlatforms) = preSolution
		Debug|Any CPU = Debug|Any CPU
		Release|Any CPU = Release|Any CPU
	EndGlobalSection
	GlobalSection(ProjectConfigurationPlatforms) = postSolution
		{0B795DCB-965A-4961-BC81-E56B56D13CB2}.Debug|Any CPU.ActiveCfg = Debug|Any CPU
		{0B795DCB-965A-4961-BC81-E56B56D13CB2}.Debug|Any CPU.Build.0 = Debug|Any CPU
		{0B795DCB-965A-4961-BC81-E56B56D13CB2}.Release|Any CPU.ActiveCfg = Release|Any CPU
		{0B795DCB-965A-4961-BC81-E56B56D13CB2}.Release|Any CPU.Build.0 = Release|Any CPU
		{87E63AD8-7621-4CEB-A109-2544E2C45CB5}.Debug|Any CPU.ActiveCfg = Debug|Any CPU
		{87E63AD8-7621-4CEB-A109-2544E2C45CB5}.Debug|Any CPU.Build.0 = Debug|Any CPU
		{87E63AD8-7621-4CEB-A109-2544E2C45CB5}.Release|Any CPU.ActiveCfg = Release|Any CPU
		{87E63AD8-7621-4CEB-A109-2544E2C45CB5}.Release|Any CPU.Build.0 = Release|Any CPU
		{110B44EE-2657-4440-93AD-BC5F7C731FA7}.Debug|Any CPU.ActiveCfg = Debug|Any CPU
		{110B44EE-2657-4440-93AD-BC5F7C731FA7}.Debug|Any CPU.Build.0 = Debug|Any CPU
		{110B44EE-2657-4440-93AD-BC5F7C731FA7}.Release|Any CPU.ActiveCfg = Release|Any CPU
		{110B44EE-2657-4440-93AD-BC5F7C731FA7}.Release|Any CPU.Build.0 = Release|Any CPU
	EndGlobalSection
	GlobalSection(SolutionProperties) = preSolution
		HideSolutionNode = FALSE
	EndGlobalSection
	GlobalSection(ExtensibilityGlobals) = postSolution
		SolutionGuid = {9827AD87-7257-4AF3-9D31-4F5E957A1F21}
	EndGlobalSection
EndGlobal
